{
  "name": "git-swap",
  "version": "1.1.0",
  "lockfileVersion": 1,
  "dependencies": {
    "shell-menu": {
      "version": "1.0.0",
      "resolved": "http://localhost:4873/shell-menu/-/shell-menu-1.0.0.tgz",
      "integrity": "sha512-N5umAkGk0KYJpd9gMkiMyCMQj3Z1r0IfRH6Npgd1TAjDzOCWSJUZN5noWGQCuNsQNcgz5dDRdBOFGp5rXp2UGQ=="
    }
  }
}
